// !$*UTF8*$!
{
	archiveVersion = 1;
	classes = {
	};
	objectVersion = 48;
	objects = {

/* Begin PBXBuildFile section */
		907049B82049245E007A51D9 /* DatabaseManager.m in Sources */ = {isa = PBXBuildFile; fileRef = 907049B72049245E007A51D9 /* DatabaseManager.m */; };
		90E948D92049141000FBB9E2 /* AppDelegate.m in Sources */ = {isa = PBXBuildFile; fileRef = 90E948D82049141000FBB9E2 /* AppDelegate.m */; };
		90E948DF2049141000FBB9E2 /* Main.storyboard in Resources */ = {isa = PBXBuildFile; fileRef = 90E948DD2049141000FBB9E2 /* Main.storyboard */; };
		90E948E22049141000FBB9E2 /* MakePizza.xcdatamodeld in Sources */ = {isa = PBXBuildFile; fileRef = 90E948E02049141000FBB9E2 /* MakePizza.xcdatamodeld */; };
		90E948E42049141000FBB9E2 /* Assets.xcassets in Resources */ = {isa = PBXBuildFile; fileRef = 90E948E32049141000FBB9E2 /* Assets.xcassets */; };
		90E948E72049141000FBB9E2 /* LaunchScreen.storyboard in Resources */ = {isa = PBXBuildFile; fileRef = 90E948E52049141000FBB9E2 /* LaunchScreen.storyboard */; };
		90E948EA2049141000FBB9E2 /* main.m in Sources */ = {isa = PBXBuildFile; fileRef = 90E948E92049141000FBB9E2 /* main.m */; };
		90E948F42049141000FBB9E2 /* MakePizzaTests.m in Sources */ = {isa = PBXBuildFile; fileRef = 90E948F32049141000FBB9E2 /* MakePizzaTests.m */; };
/* End PBXBuildFile section */

/* Begin PBXContainerItemProxy section */
		90E948F02049141000FBB9E2 /* PBXContainerItemProxy */ = {
			isa = PBXContainerItemProxy;
			containerPortal = 90E948CC2049141000FBB9E2 /* Project object */;
			proxyType = 1;
			remoteGlobalIDString = 90E948D32049141000FBB9E2;
			remoteInfo = MakePizza;
		};
/* End PBXContainerItemProxy section */

/* Begin PBXFileReference section */
		907049B62049245E007A51D9 /* DatabaseManager.h */ = {isa = PBXFileReference; lastKnownFileType = sourcecode.c.h; path = DatabaseManager.h; sourceTree = "<group>"; };
		907049B72049245E007A51D9 /* DatabaseManager.m */ = {isa = PBXFileReference; lastKnownFileType = sourcecode.c.objc; path = DatabaseManager.m; sourceTree = "<group>"; };
		90E948D42049141000FBB9E2 /* MakePizza.app */ = {isa = PBXFileReference; explicitFileType = wrapper.application; includeInIndex = 0; path = MakePizza.app; sourceTree = BUILT_PRODUCTS_DIR; };
		90E948D72049141000FBB9E2 /* AppDelegate.h */ = {isa = PBXFileReference; lastKnownFileType = sourcecode.c.h; path = AppDelegate.h; sourceTree = "<group>"; };
		90E948D82049141000FBB9E2 /* AppDelegate.m */ = {isa = PBXFileReference; lastKnownFileType = sourcecode.c.objc; path = AppDelegate.m; sourceTree = "<group>"; };
		90E948DE2049141000FBB9E2 /* Base */ = {isa = PBXFileReference; lastKnownFileType = file.storyboard; name = Base; path = Base.lproj/Main.storyboard; sourceTree = "<group>"; };
		90E948E12049141000FBB9E2 /* MakePizza.xcdatamodel */ = {isa = PBXFileReference; lastKnownFileType = wrapper.xcdatamodel; path = MakePizza.xcdatamodel; sourceTree = "<group>"; };
		90E948E32049141000FBB9E2 /* Assets.xcassets */ = {isa = PBXFileReference; lastKnownFileType = folder.assetcatalog; path = Assets.xcassets; sourceTree = "<group>"; };
		90E948E62049141000FBB9E2 /* Base */ = {isa = PBXFileReference; lastKnownFileType = file.storyboard; name = Base; path = Base.lproj/LaunchScreen.storyboard; sourceTree = "<group>"; };
		90E948E82049141000FBB9E2 /* Info.plist */ = {isa = PBXFileReference; lastKnownFileType = text.plist.xml; path = Info.plist; sourceTree = "<group>"; };
		90E948E92049141000FBB9E2 /* main.m */ = {isa = PBXFileReference; lastKnownFileType = sourcecode.c.objc; path = main.m; sourceTree = "<group>"; };
		90E948EF2049141000FBB9E2 /* MakePizzaTests.xctest */ = {isa = PBXFileReference; explicitFileType = wrapper.cfbundle; includeInIndex = 0; path = MakePizzaTests.xctest; sourceTree = BUILT_PRODUCTS_DIR; };
		90E948F32049141000FBB9E2 /* MakePizzaTests.m */ = {isa = PBXFileReference; lastKnownFileType = sourcecode.c.objc; path = MakePizzaTests.m; sourceTree = "<group>"; };
		90E948F52049141000FBB9E2 /* Info.plist */ = {isa = PBXFileReference; lastKnownFileType = text.plist.xml; path = Info.plist; sourceTree = "<group>"; };
/* End PBXFileReference section */

/* Begin PBXFrameworksBuildPhase section */
		90E948D12049141000FBB9E2 /* Frameworks */ = {
			isa = PBXFrameworksBuildPhase;
			buildActionMask = 2147483647;
			files = (
			);
			runOnlyForDeploymentPostprocessing = 0;
		};
		90E948EC2049141000FBB9E2 /* Frameworks */ = {
			isa = PBXFrameworksBuildPhase;
			buildActionMask = 2147483647;
			files = (
			);
			runOnlyForDeploymentPostprocessing = 0;
		};
/* End PBXFrameworksBuildPhase section */

/* Begin PBXGroup section */
		907049B5204920F6007A51D9 /* Controller */ = {
			isa = PBXGroup;
			children = (
				907049B62049245E007A51D9 /* DatabaseManager.h */,
				907049B72049245E007A51D9 /* DatabaseManager.m */,
			);
			path = Controller;
			sourceTree = "<group>";
		};
		90E948CB2049141000FBB9E2 = {
			isa = PBXGroup;
			children = (
				90E948D62049141000FBB9E2 /* MakePizza */,
				90E948F22049141000FBB9E2 /* MakePizzaTests */,
				90E948D52049141000FBB9E2 /* Products */,
			);
			sourceTree = "<group>";
		};
		90E948D52049141000FBB9E2 /* Products */ = {
			isa = PBXGroup;
			children = (
				90E948D42049141000FBB9E2 /* MakePizza.app */,
				90E948EF2049141000FBB9E2 /* MakePizzaTests.xctest */,
			);
			name = Products;
			sourceTree = "<group>";
		};
		90E948D62049141000FBB9E2 /* MakePizza */ = {
			isa = PBXGroup;
			children = (
				90E948D72049141000FBB9E2 /* AppDelegate.h */,
				90E948D82049141000FBB9E2 /* AppDelegate.m */,
				90E9490120491F2C00FBB9E2 /* Model */,
				90E9490220491F9200FBB9E2 /* View */,
				907049B5204920F6007A51D9 /* Controller */,
				90E9490020491BFC00FBB9E2 /* Resources */,
			);
			path = MakePizza;
			sourceTree = "<group>";
		};
		90E948F22049141000FBB9E2 /* MakePizzaTests */ = {
			isa = PBXGroup;
			children = (
				90E948F32049141000FBB9E2 /* MakePizzaTests.m */,
				90E948F52049141000FBB9E2 /* Info.plist */,
			);
			path = MakePizzaTests;
			sourceTree = "<group>";
		};
		90E9490020491BFC00FBB9E2 /* Resources */ = {
			isa = PBXGroup;
			children = (
				90E948E32049141000FBB9E2 /* Assets.xcassets */,
				90E948E52049141000FBB9E2 /* LaunchScreen.storyboard */,
				90E948E82049141000FBB9E2 /* Info.plist */,
				90E948E92049141000FBB9E2 /* main.m */,
			);
			path = Resources;
			sourceTree = "<group>";
		};
		90E9490120491F2C00FBB9E2 /* Model */ = {
			isa = PBXGroup;
			children = (
				90E948E02049141000FBB9E2 /* MakePizza.xcdatamodeld */,
			);
			path = Model;
			sourceTree = "<group>";
		};
		90E9490220491F9200FBB9E2 /* View */ = {
			isa = PBXGroup;
			children = (
				90E948DD2049141000FBB9E2 /* Main.storyboard */,
			);
			path = View;
			sourceTree = "<group>";
		};
/* End PBXGroup section */

/* Begin PBXNativeTarget section */
		90E948D32049141000FBB9E2 /* MakePizza */ = {
			isa = PBXNativeTarget;
			buildConfigurationList = 90E948F82049141000FBB9E2 /* Build configuration list for PBXNativeTarget "MakePizza" */;
			buildPhases = (
				90E948D02049141000FBB9E2 /* Sources */,
				90E948D12049141000FBB9E2 /* Frameworks */,
				90E948D22049141000FBB9E2 /* Resources */,
			);
			buildRules = (
			);
			dependencies = (
			);
			name = MakePizza;
			productName = MakePizza;
			productReference = 90E948D42049141000FBB9E2 /* MakePizza.app */;
			productType = "com.apple.product-type.application";
		};
		90E948EE2049141000FBB9E2 /* MakePizzaTests */ = {
			isa = PBXNativeTarget;
			buildConfigurationList = 90E948FB2049141000FBB9E2 /* Build configuration list for PBXNativeTarget "MakePizzaTests" */;
			buildPhases = (
				90E948EB2049141000FBB9E2 /* Sources */,
				90E948EC2049141000FBB9E2 /* Frameworks */,
				90E948ED2049141000FBB9E2 /* Resources */,
			);
			buildRules = (
			);
			dependencies = (
				90E948F12049141000FBB9E2 /* PBXTargetDependency */,
			);
			name = MakePizzaTests;
			productName = MakePizzaTests;
			productReference = 90E948EF2049141000FBB9E2 /* MakePizzaTests.xctest */;
			productType = "com.apple.product-type.bundle.unit-test";
		};
/* End PBXNativeTarget section */

/* Begin PBXProject section */
		90E948CC2049141000FBB9E2 /* Project object */ = {
			isa = PBXProject;
			attributes = {
				LastUpgradeCheck = 0920;
				ORGANIZATIONNAME = Aravind;
				TargetAttributes = {
					90E948D32049141000FBB9E2 = {
						CreatedOnToolsVersion = 9.2;
						ProvisioningStyle = Automatic;
					};
					90E948EE2049141000FBB9E2 = {
						CreatedOnToolsVersion = 9.2;
						ProvisioningStyle = Automatic;
						TestTargetID = 90E948D32049141000FBB9E2;
					};
				};
			};
			buildConfigurationList = 90E948CF2049141000FBB9E2 /* Build configuration list for PBXProject "MakePizza" */;
			compatibilityVersion = "Xcode 8.0";
			developmentRegion = en;
			hasScannedForEncodings = 0;
			knownRegions = (
				en,
				Base,
			);
			mainGroup = 90E948CB2049141000FBB9E2;
			productRefGroup = 90E948D52049141000FBB9E2 /* Products */;
			projectDirPath = "";
			projectRoot = "";
			targets = (
				90E948D32049141000FBB9E2 /* MakePizza */,
				90E948EE2049141000FBB9E2 /* MakePizzaTests */,
			);
		};
/* End PBXProject section */

/* Begin PBXResourcesBuildPhase section */
		90E948D22049141000FBB9E2 /* Resources */ = {
			isa = PBXResourcesBuildPhase;
			buildActionMask = 2147483647;
			files = (
				90E948E72049141000FBB9E2 /* LaunchScreen.storyboard in Resources */,
				90E948E42049141000FBB9E2 /* Assets.xcassets in Resources */,
				90E948DF2049141000FBB9E2 /* Main.storyboard in Resources */,
			);
			runOnlyForDeploymentPostprocessing = 0;
		};
		90E948ED2049141000FBB9E2 /* Resources */ = {
			isa = PBXResourcesBuildPhase;
			buildActionMask = 2147483647;
			files = (
			);
			runOnlyForDeploymentPostprocessing = 0;
		};
/* End PBXResourcesBuildPhase section */

/* Begin PBXSourcesBuildPhase section */
		90E948D02049141000FBB9E2 /* Sources */ = {
			isa = PBXSourcesBuildPhase;
			buildActionMask = 2147483647;
			files = (
				90E948E22049141000FBB9E2 /* MakePizza.xcdatamodeld in Sources */,
				907049B82049245E007A51D9 /* DatabaseManager.m in Sources */,
				90E948EA2049141000FBB9E2 /* main.m in Sources */,
				90E948D92049141000FBB9E2 /* AppDelegate.m in Sources */,
			);
			runOnlyForDeploymentPostprocessing = 0;
		};
		90E948EB2049141000FBB9E2 /* Sources */ = {
			isa = PBXSourcesBuildPhase;
			buildActionMask = 2147483647;
			files = (
				90E948F42049141000FBB9E2 /* MakePizzaTests.m in Sources */,
			);
			runOnlyForDeploymentPostprocessing = 0;
		};
/* End PBXSourcesBuildPhase section */

/* Begin PBXTargetDependency section */
		90E948F12049141000FBB9E2 /* PBXTargetDependency */ = {
			isa = PBXTargetDependency;
			target = 90E948D32049141000FBB9E2 /* MakePizza */;
			targetProxy = 90E948F02049141000FBB9E2 /* PBXContainerItemProxy */;
		};
/* End PBXTargetDependency section */

/* Begin PBXVariantGroup section */
		90E948DD2049141000FBB9E2 /* Main.storyboard */ = {
			isa = PBXVariantGroup;
			children = (
				90E948DE2049141000FBB9E2 /* Base */,
			);
			name = Main.storyboard;
			sourceTree = "<group>";
		};
		90E948E52049141000FBB9E2 /* LaunchScreen.storyboard */ = {
			isa = PBXVariantGroup;
			children = (
				90E948E62049141000FBB9E2 /* Base */,
			);
			name = LaunchScreen.storyboard;
			sourceTree = "<group>";
		};
/* End PBXVariantGroup section */

/* Begin XCBuildConfiguration section */
		90E948F62049141000FBB9E2 /* Debug */ = {
			isa = XCBuildConfiguration;
			buildSettings = {
				ALWAYS_SEARCH_USER_PATHS = NO;
				CLANG_ANALYZER_NONNULL = YES;
				CLANG_ANALYZER_NUMBER_OBJECT_CONVERSION = YES_AGGRESSIVE;
				CLANG_CXX_LANGUAGE_STANDARD = "gnu++14";
				CLANG_CXX_LIBRARY = "libc++";
				CLANG_ENABLE_MODULES = YES;
				CLANG_ENABLE_OBJC_ARC = YES;
				CLANG_WARN_BLOCK_CAPTURE_AUTORELEASING = YES;
				CLANG_WARN_BOOL_CONVERSION = YES;
				CLANG_WARN_COMMA = YES;
				CLANG_WARN_CONSTANT_CONVERSION = YES;
				CLANG_WARN_DIRECT_OBJC_ISA_USAGE = YES_ERROR;
				CLANG_WARN_DOCUMENTATION_COMMENTS = YES;
				CLANG_WARN_EMPTY_BODY = YES;
				CLANG_WARN_ENUM_CONVERSION = YES;
				CLANG_WARN_INFINITE_RECURSION = YES;
				CLANG_WARN_INT_CONVERSION = YES;
				CLANG_WARN_NON_LITERAL_NULL_CONVERSION = YES;
				CLANG_WARN_OBJC_LITERAL_CONVERSION = YES;
				CLANG_WARN_OBJC_ROOT_CLASS = YES_ERROR;
				CLANG_WARN_RANGE_LOOP_ANALYSIS = YES;
				CLANG_WARN_STRICT_PROTOTYPES = YES;
				CLANG_WARN_SUSPICIOUS_MOVE = YES;
				CLANG_WARN_UNGUARDED_AVAILABILITY = YES_AGGRESSIVE;
				CLANG_WARN_UNREACHABLE_CODE = YES;
				CLANG_WARN__DUPLICATE_METHOD_MATCH = YES;
				CODE_SIGN_IDENTITY = "iPhone Developer";
				COPY_PHASE_STRIP = NO;
				DEBUG_INFORMATION_FORMAT = dwarf;
				ENABLE_STRICT_OBJC_MSGSEND = YES;
				ENABLE_TESTABILITY = YES;
				GCC_C_LANGUAGE_STANDARD = gnu11;
				GCC_DYNAMIC_NO_PIC = NO;
				GCC_NO_COMMON_BLOCKS = YES;
				GCC_OPTIMIZATION_LEVEL = 0;
				GCC_PREPROCESSOR_DEFINITIONS = (
					"DEBUG=1",
					"$(inherited)",
				);
				GCC_WARN_64_TO_32_BIT_CONVERSION = YES;
				GCC_WARN_ABOUT_RETURN_TYPE = YES_ERROR;
				GCC_WARN_UNDECLARED_SELECTOR = YES;
				GCC_WARN_UNINITIALIZED_AUTOS = YES_AGGRESSIVE;
				GCC_WARN_UNUSED_FUNCTION = YES;
				GCC_WARN_UNUSED_VARIABLE = YES;
				IPHONEOS_DEPLOYMENT_TARGET = 11.2;
				MTL_ENABLE_DEBUG_INFO = YES;
				ONLY_ACTIVE_ARCH = YES;
				SDKROOT = iphoneos;
			};
			name = Debug;
		};
		90E948F72049141000FBB9E2 /* Release */ = {
			isa = XCBuildConfiguration;
			buildSettings = {
				ALWAYS_SEARCH_USER_PATHS = NO;
				CLANG_ANALYZER_NONNULL = YES;
				CLANG_ANALYZER_NUMBER_OBJECT_CONVERSION = YES_AGGRESSIVE;
				CLANG_CXX_LANGUAGE_STANDARD = "gnu++14";
				CLANG_CXX_LIBRARY = "libc++";
				CLANG_ENABLE_MODULES = YES;
				CLANG_ENABLE_OBJC_ARC = YES;
				CLANG_WARN_BLOCK_CAPTURE_AUTORELEASING = YES;
				CLANG_WARN_BOOL_CONVERSION = YES;
				CLANG_WARN_COMMA = YES;
				CLANG_WARN_CONSTANT_CONVERSION = YES;
				CLANG_WARN_DIRECT_OBJC_ISA_USAGE = YES_ERROR;
				CLANG_WARN_DOCUMENTATION_COMMENTS = YES;
				CLANG_WARN_EMPTY_BODY = YES;
				CLANG_WARN_ENUM_CONVERSION = YES;
				CLANG_WARN_INFINITE_RECURSION = YES;
				CLANG_WARN_INT_CONVERSION = YES;
				CLANG_WARN_NON_LITERAL_NULL_CONVERSION = YES;
				CLANG_WARN_OBJC_LITERAL_CONVERSION = YES;
				CLANG_WARN_OBJC_ROOT_CLASS = YES_ERROR;
				CLANG_WARN_RANGE_LOOP_ANALYSIS = YES;
				CLANG_WARN_STRICT_PROTOTYPES = YES;
				CLANG_WARN_SUSPICIOUS_MOVE = YES;
				CLANG_WARN_UNGUARDED_AVAILABILITY = YES_AGGRESSIVE;
				CLANG_WARN_UNREACHABLE_CODE = YES;
				CLANG_WARN__DUPLICATE_METHOD_MATCH = YES;
				CODE_SIGN_IDENTITY = "iPhone Developer";
				COPY_PHASE_STRIP = NO;
				DEBUG_INFORMATION_FORMAT = "dwarf-with-dsym";
				ENABLE_NS_ASSERTIONS = NO;
				ENABLE_STRICT_OBJC_MSGSEND = YES;
				GCC_C_LANGUAGE_STANDARD = gnu11;
				GCC_NO_COMMON_BLOCKS = YES;
				GCC_WARN_64_TO_32_BIT_CONVERSION = YES;
				GCC_WARN_ABOUT_RETURN_TYPE = YES_ERROR;
				GCC_WARN_UNDECLARED_SELECTOR = YES;
				GCC_WARN_UNINITIALIZED_AUTOS = YES_AGGRESSIVE;
				GCC_WARN_UNUSED_FUNCTION = YES;
				GCC_WARN_UNUSED_VARIABLE = YES;
				IPHONEOS_DEPLOYMENT_TARGET = 11.2;
				MTL_ENABLE_DEBUG_INFO = NO;
				SDKROOT = iphoneos;
				VALIDATE_PRODUCT = YES;
			};
			name = Release;
		};
		90E948F92049141000FBB9E2 /* Debug */ = {
			isa = XCBuildConfiguration;
			buildSettings = {
				ASSETCATALOG_COMPILER_APPICON_NAME = AppIcon;
				CODE_SIGN_STYLE = Automatic;
				INFOPLIST_FILE = MakePizza/Resources/Info.plist;
				LD_RUNPATH_SEARCH_PATHS = "$(inherited) @executable_path/Frameworks";
				PRODUCT_BUNDLE_IDENTIFIER = Test.MakePizza;
				PRODUCT_NAME = "$(TARGET_NAME)";
				TARGETED_DEVICE_FAMILY = "1,2";
			};
			name = Debug;
		};
		90E948FA2049141000FBB9E2 /* Release */ = {
			isa = XCBuildConfiguration;
			buildSettings = {
				ASSETCATALOG_COMPILER_APPICON_NAME = AppIcon;
				CODE_SIGN_STYLE = Automatic;
				INFOPLIST_FILE = MakePizza/Resources/Info.plist;
				LD_RUNPATH_SEARCH_PATHS = "$(inherited) @executable_path/Frameworks";
				PRODUCT_BUNDLE_IDENTIFIER = Test.MakePizza;
				PRODUCT_NAME = "$(TARGET_NAME)";
				TARGETED_DEVICE_FAMILY = "1,2";
			};
			name = Release;
		};
		90E948FC2049141000FBB9E2 /* Debug */ = {
			isa = XCBuildConfiguration;
			buildSettings = {
				BUNDLE_LOADER = "$(TEST_HOST)";
				CODE_SIGN_STYLE = Automatic;
				INFOPLIST_FILE = MakePizzaTests/Info.plist;
				LD_RUNPATH_SEARCH_PATHS = "$(inherited) @executable_path/Frameworks @loader_path/Frameworks";
				PRODUCT_BUNDLE_IDENTIFIER = Test.MakePizzaTests;
				PRODUCT_NAME = "$(TARGET_NAME)";
				TARGETED_DEVICE_FAMILY = "1,2";
				TEST_HOST = "$(BUILT_PRODUCTS_DIR)/MakePizza.app/MakePizza";
			};
			name = Debug;
		};
		90E948FD2049141000FBB9E2 /* Release */ = {
			isa = XCBuildConfiguration;
			buildSettings = {
				BUNDLE_LOADER = "$(TEST_HOST)";
				CODE_SIGN_STYLE = Automatic;
				INFOPLIST_FILE = MakePizzaTests/Info.plist;
				LD_RUNPATH_SEARCH_PATHS = "$(inherited) @executable_path/Frameworks @loader_path/Frameworks";
				PRODUCT_BUNDLE_IDENTIFIER = Test.MakePizzaTests;
				PRODUCT_NAME = "$(TARGET_NAME)";
				TARGETED_DEVICE_FAMILY = "1,2";
				TEST_HOST = "$(BUILT_PRODUCTS_DIR)/MakePizza.app/MakePizza";
			};
			name = Release;
		};
/* End XCBuildConfiguration section */

/* Begin XCConfigurationList section */
		90E948CF2049141000FBB9E2 /* Build configuration list for PBXProject "MakePizza" */ = {
			isa = XCConfigurationList;
			buildConfigurations = (
				90E948F62049141000FBB9E2 /* Debug */,
				90E948F72049141000FBB9E2 /* Release */,
			);
			defaultConfigurationIsVisible = 0;
			defaultConfigurationName = Release;
		};
		90E948F82049141000FBB9E2 /* Build configuration list for PBXNativeTarget "MakePizza" */ = {
			isa = XCConfigurationList;
			buildConfigurations = (
				90E948F92049141000FBB9E2 /* Debug */,
				90E948FA2049141000FBB9E2 /* Release */,
			);
			defaultConfigurationIsVisible = 0;
			defaultConfigurationName = Release;
		};
		90E948FB2049141000FBB9E2 /* Build configuration list for PBXNativeTarget "MakePizzaTests" */ = {
			isa = XCConfigurationList;
			buildConfigurations = (
				90E948FC2049141000FBB9E2 /* Debug */,
				90E948FD2049141000FBB9E2 /* Release */,
			);
			defaultConfigurationIsVisible = 0;
			defaultConfigurationName = Release;
		};
/* End XCConfigurationList section */

/* Begin XCVersionGroup section */
		90E948E02049141000FBB9E2 /* MakePizza.xcdatamodeld */ = {
			isa = XCVersionGroup;
			children = (
				90E948E12049141000FBB9E2 /* MakePizza.xcdatamodel */,
			);
			currentVersion = 90E948E12049141000FBB9E2 /* MakePizza.xcdatamodel */;
			path = MakePizza.xcdatamodeld;
			sourceTree = "<group>";
			versionGroupType = wrapper.xcdatamodel;
		};
/* End XCVersionGroup section */
	};
	rootObject = 90E948CC2049141000FBB9E2 /* Project object */;
}
